// !$*UTF8*$!
{
	archiveVersion = 1;
	classes = {
	};
	objectVersion = 48;
	objects = {

/* Begin PBXBuildFile section */
		0CEFC8C321D284A300CF0B81 /* 13.pdf in Resources */ = {isa = PBXBuildFile; fileRef = 0CEFC8AF21D2849F00CF0B81 /* 13.pdf */; };
		0CEFC8C421D284A300CF0B81 /* 4.pdf in Resources */ = {isa = PBXBuildFile; fileRef = 0CEFC8B021D284A000CF0B81 /* 4.pdf */; };
		0CEFC8C521D284A300CF0B81 /* 11.pdf in Resources */ = {isa = PBXBuildFile; fileRef = 0CEFC8B121D284A000CF0B81 /* 11.pdf */; };
		0CEFC8C621D284A300CF0B81 /* 2.pdf in Resources */ = {isa = PBXBuildFile; fileRef = 0CEFC8B221D284A000CF0B81 /* 2.pdf */; };
		0CEFC8C721D284A300CF0B81 /* 9.pdf in Resources */ = {isa = PBXBuildFile; fileRef = 0CEFC8B321D284A100CF0B81 /* 9.pdf */; };
		0CEFC8C821D284A300CF0B81 /* 1.pdf in Resources */ = {isa = PBXBuildFile; fileRef = 0CEFC8B421D284A100CF0B81 /* 1.pdf */; };
		0CEFC8C921D284A300CF0B81 /* 3.pdf in Resources */ = {isa = PBXBuildFile; fileRef = 0CEFC8B521D284A100CF0B81 /* 3.pdf */; };
		0CEFC8CA21D284A300CF0B81 /* 0.pdf in Resources */ = {isa = PBXBuildFile; fileRef = 0CEFC8B621D284A100CF0B81 /* 0.pdf */; };
		0CEFC8CB21D284A300CF0B81 /* 10.pdf in Resources */ = {isa = PBXBuildFile; fileRef = 0CEFC8B721D284A100CF0B81 /* 10.pdf */; };
		0CEFC8CC21D284A300CF0B81 /* 12.pdf in Resources */ = {isa = PBXBuildFile; fileRef = 0CEFC8B821D284A100CF0B81 /* 12.pdf */; };
		0CEFC8CD21D284A300CF0B81 /* 16.pdf in Resources */ = {isa = PBXBuildFile; fileRef = 0CEFC8B921D284A100CF0B81 /* 16.pdf */; };
		0CEFC8CE21D284A300CF0B81 /* 5.pdf in Resources */ = {isa = PBXBuildFile; fileRef = 0CEFC8BA21D284A100CF0B81 /* 5.pdf */; };
		0CEFC8CF21D284A300CF0B81 /* 14.pdf in Resources */ = {isa = PBXBuildFile; fileRef = 0CEFC8BB21D284A200CF0B81 /* 14.pdf */; };
		0CEFC8D021D284A300CF0B81 /* 6.pdf in Resources */ = {isa = PBXBuildFile; fileRef = 0CEFC8BC21D284A200CF0B81 /* 6.pdf */; };
		0CEFC8D121D284A300CF0B81 /* 7.pdf in Resources */ = {isa = PBXBuildFile; fileRef = 0CEFC8BD21D284A200CF0B81 /* 7.pdf */; };
		0CEFC8D221D284A300CF0B81 /* 15.pdf in Resources */ = {isa = PBXBuildFile; fileRef = 0CEFC8BE21D284A300CF0B81 /* 15.pdf */; };
		0CEFC8D321D284A300CF0B81 /* 17.pdf in Resources */ = {isa = PBXBuildFile; fileRef = 0CEFC8BF21D284A300CF0B81 /* 17.pdf */; };
		0CEFC8D421D284A300CF0B81 /* 18.pdf in Resources */ = {isa = PBXBuildFile; fileRef = 0CEFC8C021D284A300CF0B81 /* 18.pdf */; };
		0CEFC8D521D284A300CF0B81 /* 8.pdf in Resources */ = {isa = PBXBuildFile; fileRef = 0CEFC8C121D284A300CF0B81 /* 8.pdf */; };
		0CEFC8D621D284A300CF0B81 /* 19.pdf in Resources */ = {isa = PBXBuildFile; fileRef = 0CEFC8C221D284A300CF0B81 /* 19.pdf */; };
		0CEFC8E621D284C200CF0B81 /* 11.mp3 in Resources */ = {isa = PBXBuildFile; fileRef = 0CEFC8D721D284C000CF0B81 /* 11.mp3 */; };
		0CEFC8E721D284C200CF0B81 /* 3.mp3 in Resources */ = {isa = PBXBuildFile; fileRef = 0CEFC8D821D284C000CF0B81 /* 3.mp3 */; };
		0CEFC8E821D284C200CF0B81 /* 13.mp3 in Resources */ = {isa = PBXBuildFile; fileRef = 0CEFC8D921D284C000CF0B81 /* 13.mp3 */; };
		0CEFC8E921D284C200CF0B81 /* 5.mp3 in Resources */ = {isa = PBXBuildFile; fileRef = 0CEFC8DA21D284C000CF0B81 /* 5.mp3 */; };
		0CEFC8EA21D284C200CF0B81 /* 15.mp3 in Resources */ = {isa = PBXBuildFile; fileRef = 0CEFC8DB21D284C000CF0B81 /* 15.mp3 */; };
		0CEFC8EB21D284C200CF0B81 /* 12.mp3 in Resources */ = {isa = PBXBuildFile; fileRef = 0CEFC8DC21D284C000CF0B81 /* 12.mp3 */; };
		0CEFC8EC21D284C200CF0B81 /* 18.mp3 in Resources */ = {isa = PBXBuildFile; fileRef = 0CEFC8DD21D284C100CF0B81 /* 18.mp3 */; };
		0CEFC8ED21D284C200CF0B81 /* 2.mp3 in Resources */ = {isa = PBXBuildFile; fileRef = 0CEFC8DE21D284C100CF0B81 /* 2.mp3 */; };
		0CEFC8EE21D284C200CF0B81 /* 16.mp3 in Resources */ = {isa = PBXBuildFile; fileRef = 0CEFC8DF21D284C100CF0B81 /* 16.mp3 */; };
		0CEFC8EF21D284C200CF0B81 /* 19.mp3 in Resources */ = {isa = PBXBuildFile; fileRef = 0CEFC8E021D284C100CF0B81 /* 19.mp3 */; };
		0CEFC8F021D284C200CF0B81 /* 7.mp3 in Resources */ = {isa = PBXBuildFile; fileRef = 0CEFC8E121D284C100CF0B81 /* 7.mp3 */; };
		0CEFC8F121D284C200CF0B81 /* 8.mp3 in Resources */ = {isa = PBXBuildFile; fileRef = 0CEFC8E221D284C200CF0B81 /* 8.mp3 */; };
		0CEFC8F221D284C200CF0B81 /* 10.mp3 in Resources */ = {isa = PBXBuildFile; fileRef = 0CEFC8E321D284C200CF0B81 /* 10.mp3 */; };
		0CEFC8F321D284C200CF0B81 /* 0.mp3 in Resources */ = {isa = PBXBuildFile; fileRef = 0CEFC8E421D284C200CF0B81 /* 0.mp3 */; };
		0CEFC8F421D284C200CF0B81 /* 9.mp3 in Resources */ = {isa = PBXBuildFile; fileRef = 0CEFC8E521D284C200CF0B81 /* 9.mp3 */; };
		0CEFC90E21D284F800CF0B81 /* 1000cautienganhthuongmai-Tinhhuong26-maudichbutru.mp3 in Resources */ = {isa = PBXBuildFile; fileRef = 0CEFC8F621D284F200CF0B81 /* 1000cautienganhthuongmai-Tinhhuong26-maudichbutru.mp3 */; };
		0CEFC90F21D284F800CF0B81 /* Tiếng Anh giao tiếp thương mại - NhungDT - v.1.0.pdf in Resources */ = {isa = PBXBuildFile; fileRef = 0CEFC8F721D284F200CF0B81 /* Tiếng Anh giao tiếp thương mại - NhungDT - v.1.0.pdf */; };
		0CEFC91021D284F800CF0B81 /* 1000cautienganhthuongmai-Tinhhuong24-xemxetdondathang.mp3 in Resources */ = {isa = PBXBuildFile; fileRef = 0CEFC8F821D284F200CF0B81 /* 1000cautienganhthuongmai-Tinhhuong24-xemxetdondathang.mp3 */; };
		0CEFC91121D284F800CF0B81 /* 1000cautienganhthuongmai-Tinhhuong23-thamquannhamay.mp3 in Resources */ = {isa = PBXBuildFile; fileRef = 0CEFC8F921D284F200CF0B81 /* 1000cautienganhthuongmai-Tinhhuong23-thamquannhamay.mp3 */; };
		0CEFC91221D284F800CF0B81 /* tienganhthuongmai121-130.mp3 in Resources */ = {isa = PBXBuildFile; fileRef = 0CEFC8FA21D284F200CF0B81 /* tienganhthuongmai121-130.mp3 */; };
		0CEFC91321D284F800CF0B81 /* tienganhthuongmai161-170.mp3 in Resources */ = {isa = PBXBuildFile; fileRef = 0CEFC8FB21D284F200CF0B81 /* tienganhthuongmai161-170.mp3 */; };
		0CEFC91421D284F800CF0B81 /* Tình huống 8.mp3 in Resources */ = {isa = PBXBuildFile; fileRef = 0CEFC8FC21D284F200CF0B81 /* Tình huống 8.mp3 */; };
		0CEFC91521D284F800CF0B81 /* Situation 3- Market Research - Business English for Listening.mp4 in Resources */ = {isa = PBXBuildFile; fileRef = 0CEFC8FD21D284F300CF0B81 /* Situation 3- Market Research - Business English for Listening.mp4 */; };
		0CEFC91621D284F800CF0B81 /* tienganhthuongmai141-150.mp3 in Resources */ = {isa = PBXBuildFile; fileRef = 0CEFC8FE21D284F300CF0B81 /* tienganhthuongmai141-150.mp3 */; };
		0CEFC91721D284F800CF0B81 /* 1000cautienganhthuongmai-Tinhhuong30-loidenghi.mp3 in Resources */ = {isa = PBXBuildFile; fileRef = 0CEFC8FF21D284F300CF0B81 /* 1000cautienganhthuongmai-Tinhhuong30-loidenghi.mp3 */; };
		0CEFC91821D284F800CF0B81 /* 1000cautienganhthuongmai-Tinhhuong22-thamcongtydoitac.mp3 in Resources */ = {isa = PBXBuildFile; fileRef = 0CEFC90021D284F400CF0B81 /* 1000cautienganhthuongmai-Tinhhuong22-thamcongtydoitac.mp3 */; };
		0CEFC91921D284F800CF0B81 /* SItuation 1- Self Introduction - Business English for Listening.mp4 in Resources */ = {isa = PBXBuildFile; fileRef = 0CEFC90121D284F400CF0B81 /* SItuation 1- Self Introduction - Business English for Listening.mp4 */; };
		0CEFC91A21D284F800CF0B81 /* Situation 5- Customer Service - Business English for Listening.mp4 in Resources */ = {isa = PBXBuildFile; fileRef = 0CEFC90221D284F500CF0B81 /* Situation 5- Customer Service - Business English for Listening.mp4 */; };
		0CEFC91B21D284F800CF0B81 /* Situation 5- Introducing Products - Business English for Listening.mp4 in Resources */ = {isa = PBXBuildFile; fileRef = 0CEFC90321D284F500CF0B81 /* Situation 5- Introducing Products - Business English for Listening.mp4 */; };
		0CEFC91C21D284F800CF0B81 /* 1000cautienganhthuongmai-Tinhhuong32-tiendocongviec.mp3 in Resources */ = {isa = PBXBuildFile; fileRef = 0CEFC90421D284F500CF0B81 /* 1000cautienganhthuongmai-Tinhhuong32-tiendocongviec.mp3 */; };
		0CEFC91D21D284F800CF0B81 /* Tiếng Anh giao tiếp thương mại - NhungDT - v.1.0.docx in Resources */ = {isa = PBXBuildFile; fileRef = 0CEFC90521D284F600CF0B81 /* Tiếng Anh giao tiếp thương mại - NhungDT - v.1.0.docx */; };
		0CEFC91E21D284F800CF0B81 /* tienganhthuongmai151-160.mp3 in Resources */ = {isa = PBXBuildFile; fileRef = 0CEFC90621D284F600CF0B81 /* tienganhthuongmai151-160.mp3 */; };
		0CEFC91F21D284F800CF0B81 /* tienganhthuongmai181-190.mp3 in Resources */ = {isa = PBXBuildFile; fileRef = 0CEFC90721D284F600CF0B81 /* tienganhthuongmai181-190.mp3 */; };
		0CEFC92021D284F800CF0B81 /* Tình huống 6.mp3 in Resources */ = {isa = PBXBuildFile; fileRef = 0CEFC90821D284F600CF0B81 /* Tình huống 6.mp3 */; };
		0CEFC92121D284F800CF0B81 /* tienganhthuongmai101-110.mp3 in Resources */ = {isa = PBXBuildFile; fileRef = 0CEFC90921D284F600CF0B81 /* tienganhthuongmai101-110.mp3 */; };
		0CEFC92221D284F800CF0B81 /* Tình huống 7.mp3 in Resources */ = {isa = PBXBuildFile; fileRef = 0CEFC90A21D284F700CF0B81 /* Tình huống 7.mp3 */; };
		0CEFC92321D284F800CF0B81 /* 1000cautienganhthuongmai-Tinhhuong28-dailybanhang.mp3 in Resources */ = {isa = PBXBuildFile; fileRef = 0CEFC90B21D284F700CF0B81 /* 1000cautienganhthuongmai-Tinhhuong28-dailybanhang.mp3 */; };
		0CEFC92421D284F800CF0B81 /* Tình huống 9.mp3 in Resources */ = {isa = PBXBuildFile; fileRef = 0CEFC90C21D284F700CF0B81 /* Tình huống 9.mp3 */; };
		0CEFC92521D284F800CF0B81 /* 1000cautienganhthuongmai-Tinhhuong31-loicamket.mp3 in Resources */ = {isa = PBXBuildFile; fileRef = 0CEFC90D21D284F700CF0B81 /* 1000cautienganhthuongmai-Tinhhuong31-loicamket.mp3 */; };
		0CEFC94321D28A9300CF0B81 /* 6.jpg in Resources */ = {isa = PBXBuildFile; fileRef = 0CEFC93A21D28A9200CF0B81 /* 6.jpg */; };
		0CEFC94421D28A9300CF0B81 /* 2.jpg in Resources */ = {isa = PBXBuildFile; fileRef = 0CEFC93B21D28A9200CF0B81 /* 2.jpg */; };
		0CEFC94521D28A9300CF0B81 /* 4.jpg in Resources */ = {isa = PBXBuildFile; fileRef = 0CEFC93C21D28A9200CF0B81 /* 4.jpg */; };
		0CEFC94621D28A9300CF0B81 /* title.jpg in Resources */ = {isa = PBXBuildFile; fileRef = 0CEFC93D21D28A9200CF0B81 /* title.jpg */; };
		0CEFC94721D28A9300CF0B81 /* 7.jpg in Resources */ = {isa = PBXBuildFile; fileRef = 0CEFC93E21D28A9200CF0B81 /* 7.jpg */; };
		0CEFC94821D28A9300CF0B81 /* 8.jpg in Resources */ = {isa = PBXBuildFile; fileRef = 0CEFC93F21D28A9200CF0B81 /* 8.jpg */; };
		0CEFC94921D28A9300CF0B81 /* 5.jpg in Resources */ = {isa = PBXBuildFile; fileRef = 0CEFC94021D28A9200CF0B81 /* 5.jpg */; };
		0CEFC94A21D28A9300CF0B81 /* 3.jpg in Resources */ = {isa = PBXBuildFile; fileRef = 0CEFC94121D28A9300CF0B81 /* 3.jpg */; };
		0CEFC94B21D28A9300CF0B81 /* 1.jpg in Resources */ = {isa = PBXBuildFile; fileRef = 0CEFC94221D28A9300CF0B81 /* 1.jpg */; };
		0CEFC94D21D28AA200CF0B81 /* Tutorial.docx in Resources */ = {isa = PBXBuildFile; fileRef = 0CEFC94C21D28AA200CF0B81 /* Tutorial.docx */; };
		CF74D23D21D20E0900A8DFCD /* TopicListVC.swift in Sources */ = {isa = PBXBuildFile; fileRef = CF74D23C21D20E0900A8DFCD /* TopicListVC.swift */; };
		CF74D24321D2108800A8DFCD /* TopicTableViewCell.swift in Sources */ = {isa = PBXBuildFile; fileRef = CF74D24121D2108800A8DFCD /* TopicTableViewCell.swift */; };
		CF74D24421D2108800A8DFCD /* TopicTableViewCell.xib in Resources */ = {isa = PBXBuildFile; fileRef = CF74D24221D2108800A8DFCD /* TopicTableViewCell.xib */; };
		CFB6F54821D318B1008698F6 /* CustomPDFView.swift in Sources */ = {isa = PBXBuildFile; fileRef = CFB6F54721D318B1008698F6 /* CustomPDFView.swift */; };
		E57499AA1169FC44C072B62B /* Pods_TalkEnglish.framework in Frameworks */ = {isa = PBXBuildFile; fileRef = 0CC6DEC064C75723C2CD9F19 /* Pods_TalkEnglish.framework */; };
		F876E7162061796A00599C47 /* example.mp3 in Resources */ = {isa = PBXBuildFile; fileRef = F876E7152061796A00599C47 /* example.mp3 */; };
		F8BF8DFB1FE1802F0005B2BF /* AppDelegate.swift in Sources */ = {isa = PBXBuildFile; fileRef = F8BF8DFA1FE1802F0005B2BF /* AppDelegate.swift */; };
		F8BF8DFD1FE1802F0005B2BF /* StudyVC.swift in Sources */ = {isa = PBXBuildFile; fileRef = F8BF8DFC1FE1802F0005B2BF /* StudyVC.swift */; };
		F8BF8E001FE1802F0005B2BF /* Main.storyboard in Resources */ = {isa = PBXBuildFile; fileRef = F8BF8DFE1FE1802F0005B2BF /* Main.storyboard */; };
		F8BF8E021FE1802F0005B2BF /* Assets.xcassets in Resources */ = {isa = PBXBuildFile; fileRef = F8BF8E011FE1802F0005B2BF /* Assets.xcassets */; };
		F8BF8E051FE1802F0005B2BF /* LaunchScreen.storyboard in Resources */ = {isa = PBXBuildFile; fileRef = F8BF8E031FE1802F0005B2BF /* LaunchScreen.storyboard */; };
/* End PBXBuildFile section */

/* Begin PBXFileReference section */
		0CC6DEC064C75723C2CD9F19 /* Pods_TalkEnglish.framework */ = {isa = PBXFileReference; explicitFileType = wrapper.framework; includeInIndex = 0; path = Pods_TalkEnglish.framework; sourceTree = BUILT_PRODUCTS_DIR; };
		0CEFC8AF21D2849F00CF0B81 /* 13.pdf */ = {isa = PBXFileReference; lastKnownFileType = image.pdf; path = 13.pdf; sourceTree = "<group>"; };
		0CEFC8B021D284A000CF0B81 /* 4.pdf */ = {isa = PBXFileReference; lastKnownFileType = image.pdf; path = 4.pdf; sourceTree = "<group>"; };
		0CEFC8B121D284A000CF0B81 /* 11.pdf */ = {isa = PBXFileReference; lastKnownFileType = image.pdf; path = 11.pdf; sourceTree = "<group>"; };
		0CEFC8B221D284A000CF0B81 /* 2.pdf */ = {isa = PBXFileReference; lastKnownFileType = image.pdf; path = 2.pdf; sourceTree = "<group>"; };
		0CEFC8B321D284A100CF0B81 /* 9.pdf */ = {isa = PBXFileReference; lastKnownFileType = image.pdf; path = 9.pdf; sourceTree = "<group>"; };
		0CEFC8B421D284A100CF0B81 /* 1.pdf */ = {isa = PBXFileReference; lastKnownFileType = image.pdf; path = 1.pdf; sourceTree = "<group>"; };
		0CEFC8B521D284A100CF0B81 /* 3.pdf */ = {isa = PBXFileReference; lastKnownFileType = image.pdf; path = 3.pdf; sourceTree = "<group>"; };
		0CEFC8B621D284A100CF0B81 /* 0.pdf */ = {isa = PBXFileReference; lastKnownFileType = image.pdf; path = 0.pdf; sourceTree = "<group>"; };
		0CEFC8B721D284A100CF0B81 /* 10.pdf */ = {isa = PBXFileReference; lastKnownFileType = image.pdf; path = 10.pdf; sourceTree = "<group>"; };
		0CEFC8B821D284A100CF0B81 /* 12.pdf */ = {isa = PBXFileReference; lastKnownFileType = image.pdf; path = 12.pdf; sourceTree = "<group>"; };
		0CEFC8B921D284A100CF0B81 /* 16.pdf */ = {isa = PBXFileReference; lastKnownFileType = image.pdf; path = 16.pdf; sourceTree = "<group>"; };
		0CEFC8BA21D284A100CF0B81 /* 5.pdf */ = {isa = PBXFileReference; lastKnownFileType = image.pdf; path = 5.pdf; sourceTree = "<group>"; };
		0CEFC8BB21D284A200CF0B81 /* 14.pdf */ = {isa = PBXFileReference; lastKnownFileType = image.pdf; path = 14.pdf; sourceTree = "<group>"; };
		0CEFC8BC21D284A200CF0B81 /* 6.pdf */ = {isa = PBXFileReference; lastKnownFileType = image.pdf; path = 6.pdf; sourceTree = "<group>"; };
		0CEFC8BD21D284A200CF0B81 /* 7.pdf */ = {isa = PBXFileReference; lastKnownFileType = image.pdf; path = 7.pdf; sourceTree = "<group>"; };
		0CEFC8BE21D284A300CF0B81 /* 15.pdf */ = {isa = PBXFileReference; lastKnownFileType = image.pdf; path = 15.pdf; sourceTree = "<group>"; };
		0CEFC8BF21D284A300CF0B81 /* 17.pdf */ = {isa = PBXFileReference; lastKnownFileType = image.pdf; path = 17.pdf; sourceTree = "<group>"; };
		0CEFC8C021D284A300CF0B81 /* 18.pdf */ = {isa = PBXFileReference; lastKnownFileType = image.pdf; path = 18.pdf; sourceTree = "<group>"; };
		0CEFC8C121D284A300CF0B81 /* 8.pdf */ = {isa = PBXFileReference; lastKnownFileType = image.pdf; path = 8.pdf; sourceTree = "<group>"; };
		0CEFC8C221D284A300CF0B81 /* 19.pdf */ = {isa = PBXFileReference; lastKnownFileType = image.pdf; path = 19.pdf; sourceTree = "<group>"; };
		0CEFC8D721D284C000CF0B81 /* 11.mp3 */ = {isa = PBXFileReference; lastKnownFileType = audio.mp3; path = 11.mp3; sourceTree = "<group>"; };
		0CEFC8D821D284C000CF0B81 /* 3.mp3 */ = {isa = PBXFileReference; lastKnownFileType = audio.mp3; path = 3.mp3; sourceTree = "<group>"; };
		0CEFC8D921D284C000CF0B81 /* 13.mp3 */ = {isa = PBXFileReference; lastKnownFileType = audio.mp3; path = 13.mp3; sourceTree = "<group>"; };
		0CEFC8DA21D284C000CF0B81 /* 5.mp3 */ = {isa = PBXFileReference; lastKnownFileType = audio.mp3; path = 5.mp3; sourceTree = "<group>"; };
		0CEFC8DB21D284C000CF0B81 /* 15.mp3 */ = {isa = PBXFileReference; lastKnownFileType = audio.mp3; path = 15.mp3; sourceTree = "<group>"; };
		0CEFC8DC21D284C000CF0B81 /* 12.mp3 */ = {isa = PBXFileReference; lastKnownFileType = audio.mp3; path = 12.mp3; sourceTree = "<group>"; };
		0CEFC8DD21D284C100CF0B81 /* 18.mp3 */ = {isa = PBXFileReference; lastKnownFileType = audio.mp3; path = 18.mp3; sourceTree = "<group>"; };
		0CEFC8DE21D284C100CF0B81 /* 2.mp3 */ = {isa = PBXFileReference; lastKnownFileType = audio.mp3; path = 2.mp3; sourceTree = "<group>"; };
		0CEFC8DF21D284C100CF0B81 /* 16.mp3 */ = {isa = PBXFileReference; lastKnownFileType = audio.mp3; path = 16.mp3; sourceTree = "<group>"; };
		0CEFC8E021D284C100CF0B81 /* 19.mp3 */ = {isa = PBXFileReference; lastKnownFileType = audio.mp3; path = 19.mp3; sourceTree = "<group>"; };
		0CEFC8E121D284C100CF0B81 /* 7.mp3 */ = {isa = PBXFileReference; lastKnownFileType = audio.mp3; path = 7.mp3; sourceTree = "<group>"; };
		0CEFC8E221D284C200CF0B81 /* 8.mp3 */ = {isa = PBXFileReference; lastKnownFileType = audio.mp3; path = 8.mp3; sourceTree = "<group>"; };
		0CEFC8E321D284C200CF0B81 /* 10.mp3 */ = {isa = PBXFileReference; lastKnownFileType = audio.mp3; path = 10.mp3; sourceTree = "<group>"; };
		0CEFC8E421D284C200CF0B81 /* 0.mp3 */ = {isa = PBXFileReference; lastKnownFileType = audio.mp3; path = 0.mp3; sourceTree = "<group>"; };
		0CEFC8E521D284C200CF0B81 /* 9.mp3 */ = {isa = PBXFileReference; lastKnownFileType = audio.mp3; path = 9.mp3; sourceTree = "<group>"; };
		0CEFC8F621D284F200CF0B81 /* 1000cautienganhthuongmai-Tinhhuong26-maudichbutru.mp3 */ = {isa = PBXFileReference; lastKnownFileType = audio.mp3; path = "1000cautienganhthuongmai-Tinhhuong26-maudichbutru.mp3"; sourceTree = "<group>"; };
		0CEFC8F721D284F200CF0B81 /* Tiếng Anh giao tiếp thương mại - NhungDT - v.1.0.pdf */ = {isa = PBXFileReference; lastKnownFileType = image.pdf; path = "Tiếng Anh giao tiếp thương mại - NhungDT - v.1.0.pdf"; sourceTree = "<group>"; };
		0CEFC8F821D284F200CF0B81 /* 1000cautienganhthuongmai-Tinhhuong24-xemxetdondathang.mp3 */ = {isa = PBXFileReference; lastKnownFileType = audio.mp3; path = "1000cautienganhthuongmai-Tinhhuong24-xemxetdondathang.mp3"; sourceTree = "<group>"; };
		0CEFC8F921D284F200CF0B81 /* 1000cautienganhthuongmai-Tinhhuong23-thamquannhamay.mp3 */ = {isa = PBXFileReference; lastKnownFileType = audio.mp3; path = "1000cautienganhthuongmai-Tinhhuong23-thamquannhamay.mp3"; sourceTree = "<group>"; };
		0CEFC8FA21D284F200CF0B81 /* tienganhthuongmai121-130.mp3 */ = {isa = PBXFileReference; lastKnownFileType = audio.mp3; path = "tienganhthuongmai121-130.mp3"; sourceTree = "<group>"; };
		0CEFC8FB21D284F200CF0B81 /* tienganhthuongmai161-170.mp3 */ = {isa = PBXFileReference; lastKnownFileType = audio.mp3; path = "tienganhthuongmai161-170.mp3"; sourceTree = "<group>"; };
		0CEFC8FC21D284F200CF0B81 /* Tình huống 8.mp3 */ = {isa = PBXFileReference; lastKnownFileType = audio.mp3; path = "Tình huống 8.mp3"; sourceTree = "<group>"; };
		0CEFC8FD21D284F300CF0B81 /* Situation 3- Market Research - Business English for Listening.mp4 */ = {isa = PBXFileReference; lastKnownFileType = file; path = "Situation 3- Market Research - Business English for Listening.mp4"; sourceTree = "<group>"; };
		0CEFC8FE21D284F300CF0B81 /* tienganhthuongmai141-150.mp3 */ = {isa = PBXFileReference; lastKnownFileType = audio.mp3; path = "tienganhthuongmai141-150.mp3"; sourceTree = "<group>"; };
		0CEFC8FF21D284F300CF0B81 /* 1000cautienganhthuongmai-Tinhhuong30-loidenghi.mp3 */ = {isa = PBXFileReference; lastKnownFileType = audio.mp3; path = "1000cautienganhthuongmai-Tinhhuong30-loidenghi.mp3"; sourceTree = "<group>"; };
		0CEFC90021D284F400CF0B81 /* 1000cautienganhthuongmai-Tinhhuong22-thamcongtydoitac.mp3 */ = {isa = PBXFileReference; lastKnownFileType = audio.mp3; path = "1000cautienganhthuongmai-Tinhhuong22-thamcongtydoitac.mp3"; sourceTree = "<group>"; };
		0CEFC90121D284F400CF0B81 /* SItuation 1- Self Introduction - Business English for Listening.mp4 */ = {isa = PBXFileReference; lastKnownFileType = file; path = "SItuation 1- Self Introduction - Business English for Listening.mp4"; sourceTree = "<group>"; };
		0CEFC90221D284F500CF0B81 /* Situation 5- Customer Service - Business English for Listening.mp4 */ = {isa = PBXFileReference; lastKnownFileType = file; path = "Situation 5- Customer Service - Business English for Listening.mp4"; sourceTree = "<group>"; };
		0CEFC90321D284F500CF0B81 /* Situation 5- Introducing Products - Business English for Listening.mp4 */ = {isa = PBXFileReference; lastKnownFileType = file; path = "Situation 5- Introducing Products - Business English for Listening.mp4"; sourceTree = "<group>"; };
		0CEFC90421D284F500CF0B81 /* 1000cautienganhthuongmai-Tinhhuong32-tiendocongviec.mp3 */ = {isa = PBXFileReference; lastKnownFileType = audio.mp3; path = "1000cautienganhthuongmai-Tinhhuong32-tiendocongviec.mp3"; sourceTree = "<group>"; };
		0CEFC90521D284F600CF0B81 /* Tiếng Anh giao tiếp thương mại - NhungDT - v.1.0.docx */ = {isa = PBXFileReference; lastKnownFileType = file; path = "Tiếng Anh giao tiếp thương mại - NhungDT - v.1.0.docx"; sourceTree = "<group>"; };
		0CEFC90621D284F600CF0B81 /* tienganhthuongmai151-160.mp3 */ = {isa = PBXFileReference; lastKnownFileType = audio.mp3; path = "tienganhthuongmai151-160.mp3"; sourceTree = "<group>"; };
		0CEFC90721D284F600CF0B81 /* tienganhthuongmai181-190.mp3 */ = {isa = PBXFileReference; lastKnownFileType = audio.mp3; path = "tienganhthuongmai181-190.mp3"; sourceTree = "<group>"; };
		0CEFC90821D284F600CF0B81 /* Tình huống 6.mp3 */ = {isa = PBXFileReference; lastKnownFileType = audio.mp3; path = "Tình huống 6.mp3"; sourceTree = "<group>"; };
		0CEFC90921D284F600CF0B81 /* tienganhthuongmai101-110.mp3 */ = {isa = PBXFileReference; lastKnownFileType = audio.mp3; path = "tienganhthuongmai101-110.mp3"; sourceTree = "<group>"; };
		0CEFC90A21D284F700CF0B81 /* Tình huống 7.mp3 */ = {isa = PBXFileReference; lastKnownFileType = audio.mp3; path = "Tình huống 7.mp3"; sourceTree = "<group>"; };
		0CEFC90B21D284F700CF0B81 /* 1000cautienganhthuongmai-Tinhhuong28-dailybanhang.mp3 */ = {isa = PBXFileReference; lastKnownFileType = audio.mp3; path = "1000cautienganhthuongmai-Tinhhuong28-dailybanhang.mp3"; sourceTree = "<group>"; };
		0CEFC90C21D284F700CF0B81 /* Tình huống 9.mp3 */ = {isa = PBXFileReference; lastKnownFileType = audio.mp3; path = "Tình huống 9.mp3"; sourceTree = "<group>"; };
		0CEFC90D21D284F700CF0B81 /* 1000cautienganhthuongmai-Tinhhuong31-loicamket.mp3 */ = {isa = PBXFileReference; lastKnownFileType = audio.mp3; path = "1000cautienganhthuongmai-Tinhhuong31-loicamket.mp3"; sourceTree = "<group>"; };
		0CEFC93A21D28A9200CF0B81 /* 6.jpg */ = {isa = PBXFileReference; lastKnownFileType = image.jpeg; path = 6.jpg; sourceTree = "<group>"; };
		0CEFC93B21D28A9200CF0B81 /* 2.jpg */ = {isa = PBXFileReference; lastKnownFileType = image.jpeg; path = 2.jpg; sourceTree = "<group>"; };
		0CEFC93C21D28A9200CF0B81 /* 4.jpg */ = {isa = PBXFileReference; lastKnownFileType = image.jpeg; path = 4.jpg; sourceTree = "<group>"; };
		0CEFC93D21D28A9200CF0B81 /* title.jpg */ = {isa = PBXFileReference; lastKnownFileType = image.jpeg; path = title.jpg; sourceTree = "<group>"; };
		0CEFC93E21D28A9200CF0B81 /* 7.jpg */ = {isa = PBXFileReference; lastKnownFileType = image.jpeg; path = 7.jpg; sourceTree = "<group>"; };
		0CEFC93F21D28A9200CF0B81 /* 8.jpg */ = {isa = PBXFileReference; lastKnownFileType = image.jpeg; path = 8.jpg; sourceTree = "<group>"; };
		0CEFC94021D28A9200CF0B81 /* 5.jpg */ = {isa = PBXFileReference; lastKnownFileType = image.jpeg; path = 5.jpg; sourceTree = "<group>"; };
		0CEFC94121D28A9300CF0B81 /* 3.jpg */ = {isa = PBXFileReference; lastKnownFileType = image.jpeg; path = 3.jpg; sourceTree = "<group>"; };
		0CEFC94221D28A9300CF0B81 /* 1.jpg */ = {isa = PBXFileReference; lastKnownFileType = image.jpeg; path = 1.jpg; sourceTree = "<group>"; };
		0CEFC94C21D28AA200CF0B81 /* Tutorial.docx */ = {isa = PBXFileReference; lastKnownFileType = file; path = Tutorial.docx; sourceTree = "<group>"; };
		42691C5993124B8C63D083BA /* Pods-TalkEnglish.release.xcconfig */ = {isa = PBXFileReference; includeInIndex = 1; lastKnownFileType = text.xcconfig; name = "Pods-TalkEnglish.release.xcconfig"; path = "Pods/Target Support Files/Pods-TalkEnglish/Pods-TalkEnglish.release.xcconfig"; sourceTree = "<group>"; };
		8C9B0F845F045F2F595DDE0D /* Pods-TalkEnglish.debug.xcconfig */ = {isa = PBXFileReference; includeInIndex = 1; lastKnownFileType = text.xcconfig; name = "Pods-TalkEnglish.debug.xcconfig"; path = "Pods/Target Support Files/Pods-TalkEnglish/Pods-TalkEnglish.debug.xcconfig"; sourceTree = "<group>"; };
		CF74D23C21D20E0900A8DFCD /* TopicListVC.swift */ = {isa = PBXFileReference; lastKnownFileType = sourcecode.swift; path = TopicListVC.swift; sourceTree = "<group>"; };
		CF74D24121D2108800A8DFCD /* TopicTableViewCell.swift */ = {isa = PBXFileReference; lastKnownFileType = sourcecode.swift; path = TopicTableViewCell.swift; sourceTree = "<group>"; };
		CF74D24221D2108800A8DFCD /* TopicTableViewCell.xib */ = {isa = PBXFileReference; lastKnownFileType = file.xib; path = TopicTableViewCell.xib; sourceTree = "<group>"; };
		CFB6F54721D318B1008698F6 /* CustomPDFView.swift */ = {isa = PBXFileReference; lastKnownFileType = sourcecode.swift; path = CustomPDFView.swift; sourceTree = "<group>"; };
		F876E7152061796A00599C47 /* example.mp3 */ = {isa = PBXFileReference; lastKnownFileType = audio.mp3; path = example.mp3; sourceTree = "<group>"; };
		F8BF8DF71FE1802F0005B2BF /* TalkEnglish.app */ = {isa = PBXFileReference; explicitFileType = wrapper.application; includeInIndex = 0; path = TalkEnglish.app; sourceTree = BUILT_PRODUCTS_DIR; };
		F8BF8DFA1FE1802F0005B2BF /* AppDelegate.swift */ = {isa = PBXFileReference; lastKnownFileType = sourcecode.swift; path = AppDelegate.swift; sourceTree = "<group>"; };
		F8BF8DFC1FE1802F0005B2BF /* StudyVC.swift */ = {isa = PBXFileReference; lastKnownFileType = sourcecode.swift; path = StudyVC.swift; sourceTree = "<group>"; };
		F8BF8DFF1FE1802F0005B2BF /* Base */ = {isa = PBXFileReference; lastKnownFileType = file.storyboard; name = Base; path = Base.lproj/Main.storyboard; sourceTree = "<group>"; };
		F8BF8E011FE1802F0005B2BF /* Assets.xcassets */ = {isa = PBXFileReference; lastKnownFileType = folder.assetcatalog; path = Assets.xcassets; sourceTree = "<group>"; };
		F8BF8E041FE1802F0005B2BF /* Base */ = {isa = PBXFileReference; lastKnownFileType = file.storyboard; name = Base; path = Base.lproj/LaunchScreen.storyboard; sourceTree = "<group>"; };
		F8BF8E061FE1802F0005B2BF /* Info.plist */ = {isa = PBXFileReference; lastKnownFileType = text.plist.xml; path = Info.plist; sourceTree = "<group>"; };
/* End PBXFileReference section */

/* Begin PBXFrameworksBuildPhase section */
		F8BF8DF41FE1802F0005B2BF /* Frameworks */ = {
			isa = PBXFrameworksBuildPhase;
			buildActionMask = 2147483647;
			files = (
				E57499AA1169FC44C072B62B /* Pods_TalkEnglish.framework in Frameworks */,
			);
			runOnlyForDeploymentPostprocessing = 0;
		};
/* End PBXFrameworksBuildPhase section */

/* Begin PBXGroup section */
		0CEFC8AE21D2848000CF0B81 /* Documents */ = {
			isa = PBXGroup;
			children = (
				0CEFC8B621D284A100CF0B81 /* 0.pdf */,
				0CEFC8B421D284A100CF0B81 /* 1.pdf */,
				0CEFC8B221D284A000CF0B81 /* 2.pdf */,
				0CEFC8B521D284A100CF0B81 /* 3.pdf */,
				0CEFC8B021D284A000CF0B81 /* 4.pdf */,
				0CEFC8BA21D284A100CF0B81 /* 5.pdf */,
				0CEFC8BC21D284A200CF0B81 /* 6.pdf */,
				0CEFC8BD21D284A200CF0B81 /* 7.pdf */,
				0CEFC8C121D284A300CF0B81 /* 8.pdf */,
				0CEFC8B321D284A100CF0B81 /* 9.pdf */,
				0CEFC8B721D284A100CF0B81 /* 10.pdf */,
				0CEFC8B121D284A000CF0B81 /* 11.pdf */,
				0CEFC8B821D284A100CF0B81 /* 12.pdf */,
				0CEFC8AF21D2849F00CF0B81 /* 13.pdf */,
				0CEFC8BB21D284A200CF0B81 /* 14.pdf */,
				0CEFC8BE21D284A300CF0B81 /* 15.pdf */,
				0CEFC8B921D284A100CF0B81 /* 16.pdf */,
				0CEFC8BF21D284A300CF0B81 /* 17.pdf */,
				0CEFC8C021D284A300CF0B81 /* 18.pdf */,
				0CEFC8C221D284A300CF0B81 /* 19.pdf */,
			);
			path = Documents;
			sourceTree = "<group>";
		};
		0CEFC8F521D284DC00CF0B81 /* More */ = {
			isa = PBXGroup;
			children = (
				0CEFC90021D284F400CF0B81 /* 1000cautienganhthuongmai-Tinhhuong22-thamcongtydoitac.mp3 */,
				0CEFC8F921D284F200CF0B81 /* 1000cautienganhthuongmai-Tinhhuong23-thamquannhamay.mp3 */,
				0CEFC8F821D284F200CF0B81 /* 1000cautienganhthuongmai-Tinhhuong24-xemxetdondathang.mp3 */,
				0CEFC8F621D284F200CF0B81 /* 1000cautienganhthuongmai-Tinhhuong26-maudichbutru.mp3 */,
				0CEFC90B21D284F700CF0B81 /* 1000cautienganhthuongmai-Tinhhuong28-dailybanhang.mp3 */,
				0CEFC8FF21D284F300CF0B81 /* 1000cautienganhthuongmai-Tinhhuong30-loidenghi.mp3 */,
				0CEFC90D21D284F700CF0B81 /* 1000cautienganhthuongmai-Tinhhuong31-loicamket.mp3 */,
				0CEFC90421D284F500CF0B81 /* 1000cautienganhthuongmai-Tinhhuong32-tiendocongviec.mp3 */,
				0CEFC90121D284F400CF0B81 /* SItuation 1- Self Introduction - Business English for Listening.mp4 */,
				0CEFC8FD21D284F300CF0B81 /* Situation 3- Market Research - Business English for Listening.mp4 */,
				0CEFC90221D284F500CF0B81 /* Situation 5- Customer Service - Business English for Listening.mp4 */,
				0CEFC90321D284F500CF0B81 /* Situation 5- Introducing Products - Business English for Listening.mp4 */,
				0CEFC90521D284F600CF0B81 /* Tiếng Anh giao tiếp thương mại - NhungDT - v.1.0.docx */,
				0CEFC8F721D284F200CF0B81 /* Tiếng Anh giao tiếp thương mại - NhungDT - v.1.0.pdf */,
				0CEFC90921D284F600CF0B81 /* tienganhthuongmai101-110.mp3 */,
				0CEFC8FA21D284F200CF0B81 /* tienganhthuongmai121-130.mp3 */,
				0CEFC8FE21D284F300CF0B81 /* tienganhthuongmai141-150.mp3 */,
				0CEFC90621D284F600CF0B81 /* tienganhthuongmai151-160.mp3 */,
				0CEFC8FB21D284F200CF0B81 /* tienganhthuongmai161-170.mp3 */,
				0CEFC90721D284F600CF0B81 /* tienganhthuongmai181-190.mp3 */,
				0CEFC90821D284F600CF0B81 /* Tình huống 6.mp3 */,
				0CEFC90A21D284F700CF0B81 /* Tình huống 7.mp3 */,
				0CEFC8FC21D284F200CF0B81 /* Tình huống 8.mp3 */,
				0CEFC90C21D284F700CF0B81 /* Tình huống 9.mp3 */,
			);
			path = More;
			sourceTree = "<group>";
		};
		0CEFC92621D2850D00CF0B81 /* Tutorials */ = {
			isa = PBXGroup;
			children = (
				0CEFC94C21D28AA200CF0B81 /* Tutorial.docx */,
				0CEFC94221D28A9300CF0B81 /* 1.jpg */,
				0CEFC93B21D28A9200CF0B81 /* 2.jpg */,
				0CEFC94121D28A9300CF0B81 /* 3.jpg */,
				0CEFC93C21D28A9200CF0B81 /* 4.jpg */,
				0CEFC94021D28A9200CF0B81 /* 5.jpg */,
				0CEFC93A21D28A9200CF0B81 /* 6.jpg */,
				0CEFC93E21D28A9200CF0B81 /* 7.jpg */,
				0CEFC93F21D28A9200CF0B81 /* 8.jpg */,
				0CEFC93D21D28A9200CF0B81 /* title.jpg */,
			);
			path = Tutorials;
			sourceTree = "<group>";
		};
		CF15AF3C21D233ED0024262F /* Study */ = {
			isa = PBXGroup;
			children = (
				F8BF8DFC1FE1802F0005B2BF /* StudyVC.swift */,
			);
			path = Study;
			sourceTree = "<group>";
		};
		CF74D23A21D20DD200A8DFCD /* Screens */ = {
			isa = PBXGroup;
			children = (
				CF15AF3C21D233ED0024262F /* Study */,
				CF74D23E21D2105500A8DFCD /* TopicList */,
			);
			path = Screens;
			sourceTree = "<group>";
		};
		CF74D23E21D2105500A8DFCD /* TopicList */ = {
			isa = PBXGroup;
			children = (
				CF74D23C21D20E0900A8DFCD /* TopicListVC.swift */,
				CF74D24121D2108800A8DFCD /* TopicTableViewCell.swift */,
				CF74D24221D2108800A8DFCD /* TopicTableViewCell.xib */,
			);
			path = TopicList;
			sourceTree = "<group>";
		};
		CFB6F54621D3188B008698F6 /* Views */ = {
			isa = PBXGroup;
			children = (
				CFB6F54721D318B1008698F6 /* CustomPDFView.swift */,
			);
			path = Views;
			sourceTree = "<group>";
		};
		D80ABF81F5CD50F60892A12A /* Frameworks */ = {
			isa = PBXGroup;
			children = (
				0CC6DEC064C75723C2CD9F19 /* Pods_TalkEnglish.framework */,
			);
			name = Frameworks;
			sourceTree = "<group>";
		};
		F876E7132061795100599C47 /* Resources */ = {
			isa = PBXGroup;
			children = (
				0CEFC92621D2850D00CF0B81 /* Tutorials */,
				0CEFC8F521D284DC00CF0B81 /* More */,
				0CEFC8AE21D2848000CF0B81 /* Documents */,
				F876E7142061795900599C47 /* Audios */,
			);
			path = Resources;
			sourceTree = "<group>";
		};
		F876E7142061795900599C47 /* Audios */ = {
			isa = PBXGroup;
			children = (
				0CEFC8E421D284C200CF0B81 /* 0.mp3 */,
				0CEFC8DE21D284C100CF0B81 /* 2.mp3 */,
				0CEFC8D821D284C000CF0B81 /* 3.mp3 */,
				0CEFC8DA21D284C000CF0B81 /* 5.mp3 */,
				0CEFC8E121D284C100CF0B81 /* 7.mp3 */,
				0CEFC8E221D284C200CF0B81 /* 8.mp3 */,
				0CEFC8E521D284C200CF0B81 /* 9.mp3 */,
				0CEFC8E321D284C200CF0B81 /* 10.mp3 */,
				0CEFC8D721D284C000CF0B81 /* 11.mp3 */,
				0CEFC8DC21D284C000CF0B81 /* 12.mp3 */,
				0CEFC8D921D284C000CF0B81 /* 13.mp3 */,
				0CEFC8DB21D284C000CF0B81 /* 15.mp3 */,
				0CEFC8DF21D284C100CF0B81 /* 16.mp3 */,
				0CEFC8DD21D284C100CF0B81 /* 18.mp3 */,
				0CEFC8E021D284C100CF0B81 /* 19.mp3 */,
				F876E7152061796A00599C47 /* example.mp3 */,
			);
			path = Audios;
			sourceTree = "<group>";
		};
		F8BF8DEE1FE1802E0005B2BF = {
			isa = PBXGroup;
			children = (
				F8BF8DF91FE1802F0005B2BF /* TalkEnglish */,
				F8BF8DF81FE1802F0005B2BF /* Products */,
				FE88ACD23C70664D81DBE2F6 /* Pods */,
				D80ABF81F5CD50F60892A12A /* Frameworks */,
			);
			sourceTree = "<group>";
		};
		F8BF8DF81FE1802F0005B2BF /* Products */ = {
			isa = PBXGroup;
			children = (
				F8BF8DF71FE1802F0005B2BF /* TalkEnglish.app */,
			);
			name = Products;
			sourceTree = "<group>";
		};
		F8BF8DF91FE1802F0005B2BF /* TalkEnglish */ = {
			isa = PBXGroup;
			children = (
				CFB6F54621D3188B008698F6 /* Views */,
				CF74D23A21D20DD200A8DFCD /* Screens */,
				F876E7132061795100599C47 /* Resources */,
				F8BF8DFA1FE1802F0005B2BF /* AppDelegate.swift */,
				F8BF8DFE1FE1802F0005B2BF /* Main.storyboard */,
				F8BF8E011FE1802F0005B2BF /* Assets.xcassets */,
				F8BF8E031FE1802F0005B2BF /* LaunchScreen.storyboard */,
				F8BF8E061FE1802F0005B2BF /* Info.plist */,
			);
			path = TalkEnglish;
			sourceTree = "<group>";
		};
		FE88ACD23C70664D81DBE2F6 /* Pods */ = {
			isa = PBXGroup;
			children = (
				8C9B0F845F045F2F595DDE0D /* Pods-TalkEnglish.debug.xcconfig */,
				42691C5993124B8C63D083BA /* Pods-TalkEnglish.release.xcconfig */,
			);
			name = Pods;
			sourceTree = "<group>";
		};
/* End PBXGroup section */

/* Begin PBXNativeTarget section */
		F8BF8DF61FE1802F0005B2BF /* TalkEnglish */ = {
			isa = PBXNativeTarget;
			buildConfigurationList = F8BF8E091FE1802F0005B2BF /* Build configuration list for PBXNativeTarget "TalkEnglish" */;
			buildPhases = (
				F152AC6A97D080630F326F24 /* [CP] Check Pods Manifest.lock */,
				F8BF8DF31FE1802F0005B2BF /* Sources */,
				F8BF8DF41FE1802F0005B2BF /* Frameworks */,
				F8BF8DF51FE1802F0005B2BF /* Resources */,
			);
			buildRules = (
			);
			dependencies = (
			);
			name = TalkEnglish;
			productName = TalkEnglish;
			productReference = F8BF8DF71FE1802F0005B2BF /* TalkEnglish.app */;
			productType = "com.apple.product-type.application";
		};
/* End PBXNativeTarget section */

/* Begin PBXProject section */
		F8BF8DEF1FE1802E0005B2BF /* Project object */ = {
			isa = PBXProject;
			attributes = {
				LastSwiftUpdateCheck = 0900;
				LastUpgradeCheck = 0900;
				ORGANIZATIONNAME = thieumao;
				TargetAttributes = {
					F8BF8DF61FE1802F0005B2BF = {
						CreatedOnToolsVersion = 9.0.1;
						ProvisioningStyle = Automatic;
					};
				};
			};
			buildConfigurationList = F8BF8DF21FE1802E0005B2BF /* Build configuration list for PBXProject "TalkEnglish" */;
			compatibilityVersion = "Xcode 8.0";
			developmentRegion = en;
			hasScannedForEncodings = 0;
			knownRegions = (
				en,
				Base,
			);
			mainGroup = F8BF8DEE1FE1802E0005B2BF;
			productRefGroup = F8BF8DF81FE1802F0005B2BF /* Products */;
			projectDirPath = "";
			projectRoot = "";
			targets = (
				F8BF8DF61FE1802F0005B2BF /* TalkEnglish */,
			);
		};
/* End PBXProject section */

/* Begin PBXResourcesBuildPhase section */
		F8BF8DF51FE1802F0005B2BF /* Resources */ = {
			isa = PBXResourcesBuildPhase;
			buildActionMask = 2147483647;
			files = (
				0CEFC94421D28A9300CF0B81 /* 2.jpg in Resources */,
				0CEFC8F321D284C200CF0B81 /* 0.mp3 in Resources */,
				0CEFC92421D284F800CF0B81 /* Tình huống 9.mp3 in Resources */,
				0CEFC8ED21D284C200CF0B81 /* 2.mp3 in Resources */,
				0CEFC91C21D284F800CF0B81 /* 1000cautienganhthuongmai-Tinhhuong32-tiendocongviec.mp3 in Resources */,
				0CEFC8EA21D284C200CF0B81 /* 15.mp3 in Resources */,
				0CEFC91421D284F800CF0B81 /* Tình huống 8.mp3 in Resources */,
				0CEFC8E621D284C200CF0B81 /* 11.mp3 in Resources */,
				0CEFC8CC21D284A300CF0B81 /* 12.pdf in Resources */,
				0CEFC8C921D284A300CF0B81 /* 3.pdf in Resources */,
				0CEFC8E921D284C200CF0B81 /* 5.mp3 in Resources */,
				0CEFC91B21D284F800CF0B81 /* Situation 5- Introducing Products - Business English for Listening.mp4 in Resources */,
				0CEFC90F21D284F800CF0B81 /* Tiếng Anh giao tiếp thương mại - NhungDT - v.1.0.pdf in Resources */,
				0CEFC8D021D284A300CF0B81 /* 6.pdf in Resources */,
				0CEFC8D221D284A300CF0B81 /* 15.pdf in Resources */,
				0CEFC8F121D284C200CF0B81 /* 8.mp3 in Resources */,
				0CEFC8C821D284A300CF0B81 /* 1.pdf in Resources */,
				0CEFC8D121D284A300CF0B81 /* 7.pdf in Resources */,
				0CEFC91D21D284F800CF0B81 /* Tiếng Anh giao tiếp thương mại - NhungDT - v.1.0.docx in Resources */,
				0CEFC8C721D284A300CF0B81 /* 9.pdf in Resources */,
				0CEFC94821D28A9300CF0B81 /* 8.jpg in Resources */,
				0CEFC91A21D284F800CF0B81 /* Situation 5- Customer Service - Business English for Listening.mp4 in Resources */,
				0CEFC8C521D284A300CF0B81 /* 11.pdf in Resources */,
				0CEFC8CD21D284A300CF0B81 /* 16.pdf in Resources */,
				F8BF8E051FE1802F0005B2BF /* LaunchScreen.storyboard in Resources */,
				0CEFC94521D28A9300CF0B81 /* 4.jpg in Resources */,
				0CEFC8EC21D284C200CF0B81 /* 18.mp3 in Resources */,
				0CEFC94621D28A9300CF0B81 /* title.jpg in Resources */,
				0CEFC94921D28A9300CF0B81 /* 5.jpg in Resources */,
				0CEFC92321D284F800CF0B81 /* 1000cautienganhthuongmai-Tinhhuong28-dailybanhang.mp3 in Resources */,
				0CEFC8EE21D284C200CF0B81 /* 16.mp3 in Resources */,
				0CEFC94D21D28AA200CF0B81 /* Tutorial.docx in Resources */,
				0CEFC8CF21D284A300CF0B81 /* 14.pdf in Resources */,
				0CEFC91F21D284F800CF0B81 /* tienganhthuongmai181-190.mp3 in Resources */,
				0CEFC8E721D284C200CF0B81 /* 3.mp3 in Resources */,
				0CEFC8F021D284C200CF0B81 /* 7.mp3 in Resources */,
				0CEFC94721D28A9300CF0B81 /* 7.jpg in Resources */,
				0CEFC8CA21D284A300CF0B81 /* 0.pdf in Resources */,
				0CEFC91521D284F800CF0B81 /* Situation 3- Market Research - Business English for Listening.mp4 in Resources */,
				0CEFC91E21D284F800CF0B81 /* tienganhthuongmai151-160.mp3 in Resources */,
				0CEFC8F221D284C200CF0B81 /* 10.mp3 in Resources */,
				0CEFC8D321D284A300CF0B81 /* 17.pdf in Resources */,
				0CEFC8EF21D284C200CF0B81 /* 19.mp3 in Resources */,
				F876E7162061796A00599C47 /* example.mp3 in Resources */,
				0CEFC92021D284F800CF0B81 /* Tình huống 6.mp3 in Resources */,
				0CEFC8CE21D284A300CF0B81 /* 5.pdf in Resources */,
				0CEFC8C321D284A300CF0B81 /* 13.pdf in Resources */,
				0CEFC90E21D284F800CF0B81 /* 1000cautienganhthuongmai-Tinhhuong26-maudichbutru.mp3 in Resources */,
				0CEFC91721D284F800CF0B81 /* 1000cautienganhthuongmai-Tinhhuong30-loidenghi.mp3 in Resources */,
				0CEFC8F421D284C200CF0B81 /* 9.mp3 in Resources */,
				0CEFC92221D284F800CF0B81 /* Tình huống 7.mp3 in Resources */,
				F8BF8E021FE1802F0005B2BF /* Assets.xcassets in Resources */,
				F8BF8E001FE1802F0005B2BF /* Main.storyboard in Resources */,
				0CEFC91121D284F800CF0B81 /* 1000cautienganhthuongmai-Tinhhuong23-thamquannhamay.mp3 in Resources */,
				0CEFC92521D284F800CF0B81 /* 1000cautienganhthuongmai-Tinhhuong31-loicamket.mp3 in Resources */,
				0CEFC8C621D284A300CF0B81 /* 2.pdf in Resources */,
				0CEFC91321D284F800CF0B81 /* tienganhthuongmai161-170.mp3 in Resources */,
				0CEFC8D421D284A300CF0B81 /* 18.pdf in Resources */,
				0CEFC94B21D28A9300CF0B81 /* 1.jpg in Resources */,
				0CEFC8D621D284A300CF0B81 /* 19.pdf in Resources */,
				0CEFC8CB21D284A300CF0B81 /* 10.pdf in Resources */,
				0CEFC91221D284F800CF0B81 /* tienganhthuongmai121-130.mp3 in Resources */,
				0CEFC94321D28A9300CF0B81 /* 6.jpg in Resources */,
				0CEFC91921D284F800CF0B81 /* SItuation 1- Self Introduction - Business English for Listening.mp4 in Resources */,
				0CEFC8E821D284C200CF0B81 /* 13.mp3 in Resources */,
				0CEFC94A21D28A9300CF0B81 /* 3.jpg in Resources */,
				0CEFC8D521D284A300CF0B81 /* 8.pdf in Resources */,
				0CEFC8C421D284A300CF0B81 /* 4.pdf in Resources */,
				0CEFC91821D284F800CF0B81 /* 1000cautienganhthuongmai-Tinhhuong22-thamcongtydoitac.mp3 in Resources */,
				CF74D24421D2108800A8DFCD /* TopicTableViewCell.xib in Resources */,
				0CEFC91621D284F800CF0B81 /* tienganhthuongmai141-150.mp3 in Resources */,
				0CEFC92121D284F800CF0B81 /* tienganhthuongmai101-110.mp3 in Resources */,
				0CEFC8EB21D284C200CF0B81 /* 12.mp3 in Resources */,
				0CEFC91021D284F800CF0B81 /* 1000cautienganhthuongmai-Tinhhuong24-xemxetdondathang.mp3 in Resources */,
			);
			runOnlyForDeploymentPostprocessing = 0;
		};
/* End PBXResourcesBuildPhase section */

/* Begin PBXShellScriptBuildPhase section */
		F152AC6A97D080630F326F24 /* [CP] Check Pods Manifest.lock */ = {
			isa = PBXShellScriptBuildPhase;
			buildActionMask = 2147483647;
			files = (
			);
			inputPaths = (
				"${PODS_PODFILE_DIR_PATH}/Podfile.lock",
				"${PODS_ROOT}/Manifest.lock",
			);
			name = "[CP] Check Pods Manifest.lock";
			outputPaths = (
				"$(DERIVED_FILE_DIR)/Pods-TalkEnglish-checkManifestLockResult.txt",
			);
			runOnlyForDeploymentPostprocessing = 0;
			shellPath = /bin/sh;
			shellScript = "diff \"${PODS_PODFILE_DIR_PATH}/Podfile.lock\" \"${PODS_ROOT}/Manifest.lock\" > /dev/null\nif [ $? != 0 ] ; then\n    # print error to STDERR\n    echo \"error: The sandbox is not in sync with the Podfile.lock. Run 'pod install' or update your CocoaPods installation.\" >&2\n    exit 1\nfi\n# This output is used by Xcode 'outputs' to avoid re-running this script phase.\necho \"SUCCESS\" > \"${SCRIPT_OUTPUT_FILE_0}\"\n";
			showEnvVarsInLog = 0;
		};
/* End PBXShellScriptBuildPhase section */

/* Begin PBXSourcesBuildPhase section */
		F8BF8DF31FE1802F0005B2BF /* Sources */ = {
			isa = PBXSourcesBuildPhase;
			buildActionMask = 2147483647;
			files = (
				F8BF8DFD1FE1802F0005B2BF /* StudyVC.swift in Sources */,
				CF74D24321D2108800A8DFCD /* TopicTableViewCell.swift in Sources */,
				F8BF8DFB1FE1802F0005B2BF /* AppDelegate.swift in Sources */,
				CF74D23D21D20E0900A8DFCD /* TopicListVC.swift in Sources */,
				CFB6F54821D318B1008698F6 /* CustomPDFView.swift in Sources */,
			);
			runOnlyForDeploymentPostprocessing = 0;
		};
/* End PBXSourcesBuildPhase section */

/* Begin PBXVariantGroup section */
		F8BF8DFE1FE1802F0005B2BF /* Main.storyboard */ = {
			isa = PBXVariantGroup;
			children = (
				F8BF8DFF1FE1802F0005B2BF /* Base */,
			);
			name = Main.storyboard;
			sourceTree = "<group>";
		};
		F8BF8E031FE1802F0005B2BF /* LaunchScreen.storyboard */ = {
			isa = PBXVariantGroup;
			children = (
				F8BF8E041FE1802F0005B2BF /* Base */,
			);
			name = LaunchScreen.storyboard;
			sourceTree = "<group>";
		};
/* End PBXVariantGroup section */

/* Begin XCBuildConfiguration section */
		F8BF8E071FE1802F0005B2BF /* Debug */ = {
			isa = XCBuildConfiguration;
			buildSettings = {
				ALWAYS_SEARCH_USER_PATHS = NO;
				CLANG_ANALYZER_NONNULL = YES;
				CLANG_ANALYZER_NUMBER_OBJECT_CONVERSION = YES_AGGRESSIVE;
				CLANG_CXX_LANGUAGE_STANDARD = "gnu++14";
				CLANG_CXX_LIBRARY = "libc++";
				CLANG_ENABLE_MODULES = YES;
				CLANG_ENABLE_OBJC_ARC = YES;
				CLANG_WARN_BLOCK_CAPTURE_AUTORELEASING = YES;
				CLANG_WARN_BOOL_CONVERSION = YES;
				CLANG_WARN_COMMA = YES;
				CLANG_WARN_CONSTANT_CONVERSION = YES;
				CLANG_WARN_DIRECT_OBJC_ISA_USAGE = YES_ERROR;
				CLANG_WARN_DOCUMENTATION_COMMENTS = YES;
				CLANG_WARN_EMPTY_BODY = YES;
				CLANG_WARN_ENUM_CONVERSION = YES;
				CLANG_WARN_INFINITE_RECURSION = YES;
				CLANG_WARN_INT_CONVERSION = YES;
				CLANG_WARN_NON_LITERAL_NULL_CONVERSION = YES;
				CLANG_WARN_OBJC_LITERAL_CONVERSION = YES;
				CLANG_WARN_OBJC_ROOT_CLASS = YES_ERROR;
				CLANG_WARN_RANGE_LOOP_ANALYSIS = YES;
				CLANG_WARN_STRICT_PROTOTYPES = YES;
				CLANG_WARN_SUSPICIOUS_MOVE = YES;
				CLANG_WARN_UNGUARDED_AVAILABILITY = YES_AGGRESSIVE;
				CLANG_WARN_UNREACHABLE_CODE = YES;
				CLANG_WARN__DUPLICATE_METHOD_MATCH = YES;
				CODE_SIGN_IDENTITY = "iPhone Developer";
				COPY_PHASE_STRIP = NO;
				DEBUG_INFORMATION_FORMAT = dwarf;
				ENABLE_STRICT_OBJC_MSGSEND = YES;
				ENABLE_TESTABILITY = YES;
				GCC_C_LANGUAGE_STANDARD = gnu11;
				GCC_DYNAMIC_NO_PIC = NO;
				GCC_NO_COMMON_BLOCKS = YES;
				GCC_OPTIMIZATION_LEVEL = 0;
				GCC_PREPROCESSOR_DEFINITIONS = (
					"DEBUG=1",
					"$(inherited)",
				);
				GCC_WARN_64_TO_32_BIT_CONVERSION = YES;
				GCC_WARN_ABOUT_RETURN_TYPE = YES_ERROR;
				GCC_WARN_UNDECLARED_SELECTOR = YES;
				GCC_WARN_UNINITIALIZED_AUTOS = YES_AGGRESSIVE;
				GCC_WARN_UNUSED_FUNCTION = YES;
				GCC_WARN_UNUSED_VARIABLE = YES;
				IPHONEOS_DEPLOYMENT_TARGET = 11.0;
				MTL_ENABLE_DEBUG_INFO = YES;
				ONLY_ACTIVE_ARCH = YES;
				SDKROOT = iphoneos;
				SWIFT_ACTIVE_COMPILATION_CONDITIONS = DEBUG;
				SWIFT_OPTIMIZATION_LEVEL = "-Onone";
			};
			name = Debug;
		};
		F8BF8E081FE1802F0005B2BF /* Release */ = {
			isa = XCBuildConfiguration;
			buildSettings = {
				ALWAYS_SEARCH_USER_PATHS = NO;
				CLANG_ANALYZER_NONNULL = YES;
				CLANG_ANALYZER_NUMBER_OBJECT_CONVERSION = YES_AGGRESSIVE;
				CLANG_CXX_LANGUAGE_STANDARD = "gnu++14";
				CLANG_CXX_LIBRARY = "libc++";
				CLANG_ENABLE_MODULES = YES;
				CLANG_ENABLE_OBJC_ARC = YES;
				CLANG_WARN_BLOCK_CAPTURE_AUTORELEASING = YES;
				CLANG_WARN_BOOL_CONVERSION = YES;
				CLANG_WARN_COMMA = YES;
				CLANG_WARN_CONSTANT_CONVERSION = YES;
				CLANG_WARN_DIRECT_OBJC_ISA_USAGE = YES_ERROR;
				CLANG_WARN_DOCUMENTATION_COMMENTS = YES;
				CLANG_WARN_EMPTY_BODY = YES;
				CLANG_WARN_ENUM_CONVERSION = YES;
				CLANG_WARN_INFINITE_RECURSION = YES;
				CLANG_WARN_INT_CONVERSION = YES;
				CLANG_WARN_NON_LITERAL_NULL_CONVERSION = YES;
				CLANG_WARN_OBJC_LITERAL_CONVERSION = YES;
				CLANG_WARN_OBJC_ROOT_CLASS = YES_ERROR;
				CLANG_WARN_RANGE_LOOP_ANALYSIS = YES;
				CLANG_WARN_STRICT_PROTOTYPES = YES;
				CLANG_WARN_SUSPICIOUS_MOVE = YES;
				CLANG_WARN_UNGUARDED_AVAILABILITY = YES_AGGRESSIVE;
				CLANG_WARN_UNREACHABLE_CODE = YES;
				CLANG_WARN__DUPLICATE_METHOD_MATCH = YES;
				CODE_SIGN_IDENTITY = "iPhone Developer";
				COPY_PHASE_STRIP = NO;
				DEBUG_INFORMATION_FORMAT = "dwarf-with-dsym";
				ENABLE_NS_ASSERTIONS = NO;
				ENABLE_STRICT_OBJC_MSGSEND = YES;
				GCC_C_LANGUAGE_STANDARD = gnu11;
				GCC_NO_COMMON_BLOCKS = YES;
				GCC_WARN_64_TO_32_BIT_CONVERSION = YES;
				GCC_WARN_ABOUT_RETURN_TYPE = YES_ERROR;
				GCC_WARN_UNDECLARED_SELECTOR = YES;
				GCC_WARN_UNINITIALIZED_AUTOS = YES_AGGRESSIVE;
				GCC_WARN_UNUSED_FUNCTION = YES;
				GCC_WARN_UNUSED_VARIABLE = YES;
				IPHONEOS_DEPLOYMENT_TARGET = 11.0;
				MTL_ENABLE_DEBUG_INFO = NO;
				SDKROOT = iphoneos;
				SWIFT_OPTIMIZATION_LEVEL = "-Owholemodule";
				VALIDATE_PRODUCT = YES;
			};
			name = Release;
		};
		F8BF8E0A1FE1802F0005B2BF /* Debug */ = {
			isa = XCBuildConfiguration;
			baseConfigurationReference = 8C9B0F845F045F2F595DDE0D /* Pods-TalkEnglish.debug.xcconfig */;
			buildSettings = {
				ASSETCATALOG_COMPILER_APPICON_NAME = AppIcon;
				CODE_SIGN_STYLE = Automatic;
				DEVELOPMENT_TEAM = Z4ZNZ62PTW;
				INFOPLIST_FILE = TalkEnglish/Info.plist;
				LD_RUNPATH_SEARCH_PATHS = "$(inherited) @executable_path/Frameworks";
				PRODUCT_BUNDLE_IDENTIFIER = com.thieumao.TalkEnglish;
				PRODUCT_NAME = "$(TARGET_NAME)";
				SWIFT_VERSION = 4.0;
				TARGETED_DEVICE_FAMILY = "1,2";
			};
			name = Debug;
		};
		F8BF8E0B1FE1802F0005B2BF /* Release */ = {
			isa = XCBuildConfiguration;
			baseConfigurationReference = 42691C5993124B8C63D083BA /* Pods-TalkEnglish.release.xcconfig */;
			buildSettings = {
				ASSETCATALOG_COMPILER_APPICON_NAME = AppIcon;
				CODE_SIGN_STYLE = Automatic;
				DEVELOPMENT_TEAM = Z4ZNZ62PTW;
				INFOPLIST_FILE = TalkEnglish/Info.plist;
				LD_RUNPATH_SEARCH_PATHS = "$(inherited) @executable_path/Frameworks";
				PRODUCT_BUNDLE_IDENTIFIER = com.thieumao.TalkEnglish;
				PRODUCT_NAME = "$(TARGET_NAME)";
				SWIFT_VERSION = 4.0;
				TARGETED_DEVICE_FAMILY = "1,2";
			};
			name = Release;
		};
/* End XCBuildConfiguration section */

/* Begin XCConfigurationList section */
		F8BF8DF21FE1802E0005B2BF /* Build configuration list for PBXProject "TalkEnglish" */ = {
			isa = XCConfigurationList;
			buildConfigurations = (
				F8BF8E071FE1802F0005B2BF /* Debug */,
				F8BF8E081FE1802F0005B2BF /* Release */,
			);
			defaultConfigurationIsVisible = 0;
			defaultConfigurationName = Release;
		};
		F8BF8E091FE1802F0005B2BF /* Build configuration list for PBXNativeTarget "TalkEnglish" */ = {
			isa = XCConfigurationList;
			buildConfigurations = (
				F8BF8E0A1FE1802F0005B2BF /* Debug */,
				F8BF8E0B1FE1802F0005B2BF /* Release */,
			);
			defaultConfigurationIsVisible = 0;
			defaultConfigurationName = Release;
		};
/* End XCConfigurationList section */
	};
	rootObject = F8BF8DEF1FE1802E0005B2BF /* Project object */;
}
