// !$*UTF8*$!
{
	archiveVersion = 1;
	classes = {
	};
	objectVersion = 48;
	objects = {

/* Begin PBXBuildFile section */
		CF74D23D21D20E0900A8DFCD /* TopicListVC.swift in Sources */ = {isa = PBXBuildFile; fileRef = CF74D23C21D20E0900A8DFCD /* TopicListVC.swift */; };
		CF74D24321D2108800A8DFCD /* TopicTableViewCell.swift in Sources */ = {isa = PBXBuildFile; fileRef = CF74D24121D2108800A8DFCD /* TopicTableViewCell.swift */; };
		CF74D24421D2108800A8DFCD /* TopicTableViewCell.xib in Resources */ = {isa = PBXBuildFile; fileRef = CF74D24221D2108800A8DFCD /* TopicTableViewCell.xib */; };
		E57499AA1169FC44C072B62B /* Pods_TalkEnglish.framework in Frameworks */ = {isa = PBXBuildFile; fileRef = 0CC6DEC064C75723C2CD9F19 /* Pods_TalkEnglish.framework */; };
		F876E7162061796A00599C47 /* example.mp3 in Resources */ = {isa = PBXBuildFile; fileRef = F876E7152061796A00599C47 /* example.mp3 */; };
		F8BF8DFB1FE1802F0005B2BF /* AppDelegate.swift in Sources */ = {isa = PBXBuildFile; fileRef = F8BF8DFA1FE1802F0005B2BF /* AppDelegate.swift */; };
		F8BF8DFD1FE1802F0005B2BF /* ViewController.swift in Sources */ = {isa = PBXBuildFile; fileRef = F8BF8DFC1FE1802F0005B2BF /* ViewController.swift */; };
		F8BF8E001FE1802F0005B2BF /* Main.storyboard in Resources */ = {isa = PBXBuildFile; fileRef = F8BF8DFE1FE1802F0005B2BF /* Main.storyboard */; };
		F8BF8E021FE1802F0005B2BF /* Assets.xcassets in Resources */ = {isa = PBXBuildFile; fileRef = F8BF8E011FE1802F0005B2BF /* Assets.xcassets */; };
		F8BF8E051FE1802F0005B2BF /* LaunchScreen.storyboard in Resources */ = {isa = PBXBuildFile; fileRef = F8BF8E031FE1802F0005B2BF /* LaunchScreen.storyboard */; };
/* End PBXBuildFile section */

/* Begin PBXFileReference section */
		0CC6DEC064C75723C2CD9F19 /* Pods_TalkEnglish.framework */ = {isa = PBXFileReference; explicitFileType = wrapper.framework; includeInIndex = 0; path = Pods_TalkEnglish.framework; sourceTree = BUILT_PRODUCTS_DIR; };
		42691C5993124B8C63D083BA /* Pods-TalkEnglish.release.xcconfig */ = {isa = PBXFileReference; includeInIndex = 1; lastKnownFileType = text.xcconfig; name = "Pods-TalkEnglish.release.xcconfig"; path = "Pods/Target Support Files/Pods-TalkEnglish/Pods-TalkEnglish.release.xcconfig"; sourceTree = "<group>"; };
		8C9B0F845F045F2F595DDE0D /* Pods-TalkEnglish.debug.xcconfig */ = {isa = PBXFileReference; includeInIndex = 1; lastKnownFileType = text.xcconfig; name = "Pods-TalkEnglish.debug.xcconfig"; path = "Pods/Target Support Files/Pods-TalkEnglish/Pods-TalkEnglish.debug.xcconfig"; sourceTree = "<group>"; };
		CF74D23C21D20E0900A8DFCD /* TopicListVC.swift */ = {isa = PBXFileReference; lastKnownFileType = sourcecode.swift; path = TopicListVC.swift; sourceTree = "<group>"; };
		CF74D24121D2108800A8DFCD /* TopicTableViewCell.swift */ = {isa = PBXFileReference; lastKnownFileType = sourcecode.swift; path = TopicTableViewCell.swift; sourceTree = "<group>"; };
		CF74D24221D2108800A8DFCD /* TopicTableViewCell.xib */ = {isa = PBXFileReference; lastKnownFileType = file.xib; path = TopicTableViewCell.xib; sourceTree = "<group>"; };
		F876E7152061796A00599C47 /* example.mp3 */ = {isa = PBXFileReference; lastKnownFileType = audio.mp3; path = example.mp3; sourceTree = "<group>"; };
		F8BF8DF71FE1802F0005B2BF /* TalkEnglish.app */ = {isa = PBXFileReference; explicitFileType = wrapper.application; includeInIndex = 0; path = TalkEnglish.app; sourceTree = BUILT_PRODUCTS_DIR; };
		F8BF8DFA1FE1802F0005B2BF /* AppDelegate.swift */ = {isa = PBXFileReference; lastKnownFileType = sourcecode.swift; path = AppDelegate.swift; sourceTree = "<group>"; };
		F8BF8DFC1FE1802F0005B2BF /* ViewController.swift */ = {isa = PBXFileReference; lastKnownFileType = sourcecode.swift; path = ViewController.swift; sourceTree = "<group>"; };
		F8BF8DFF1FE1802F0005B2BF /* Base */ = {isa = PBXFileReference; lastKnownFileType = file.storyboard; name = Base; path = Base.lproj/Main.storyboard; sourceTree = "<group>"; };
		F8BF8E011FE1802F0005B2BF /* Assets.xcassets */ = {isa = PBXFileReference; lastKnownFileType = folder.assetcatalog; path = Assets.xcassets; sourceTree = "<group>"; };
		F8BF8E041FE1802F0005B2BF /* Base */ = {isa = PBXFileReference; lastKnownFileType = file.storyboard; name = Base; path = Base.lproj/LaunchScreen.storyboard; sourceTree = "<group>"; };
		F8BF8E061FE1802F0005B2BF /* Info.plist */ = {isa = PBXFileReference; lastKnownFileType = text.plist.xml; path = Info.plist; sourceTree = "<group>"; };
/* End PBXFileReference section */

/* Begin PBXFrameworksBuildPhase section */
		F8BF8DF41FE1802F0005B2BF /* Frameworks */ = {
			isa = PBXFrameworksBuildPhase;
			buildActionMask = 2147483647;
			files = (
				E57499AA1169FC44C072B62B /* Pods_TalkEnglish.framework in Frameworks */,
			);
			runOnlyForDeploymentPostprocessing = 0;
		};
/* End PBXFrameworksBuildPhase section */

/* Begin PBXGroup section */
		CF74D23A21D20DD200A8DFCD /* Screens */ = {
			isa = PBXGroup;
			children = (
				CF74D23E21D2105500A8DFCD /* TopicList */,
			);
			path = Screens;
			sourceTree = "<group>";
		};
		CF74D23E21D2105500A8DFCD /* TopicList */ = {
			isa = PBXGroup;
			children = (
				CF74D23C21D20E0900A8DFCD /* TopicListVC.swift */,
				CF74D24121D2108800A8DFCD /* TopicTableViewCell.swift */,
				CF74D24221D2108800A8DFCD /* TopicTableViewCell.xib */,
			);
			path = TopicList;
			sourceTree = "<group>";
		};
		D80ABF81F5CD50F60892A12A /* Frameworks */ = {
			isa = PBXGroup;
			children = (
				0CC6DEC064C75723C2CD9F19 /* Pods_TalkEnglish.framework */,
			);
			name = Frameworks;
			sourceTree = "<group>";
		};
		F876E7132061795100599C47 /* Resources */ = {
			isa = PBXGroup;
			children = (
				F876E7142061795900599C47 /* Audios */,
			);
			path = Resources;
			sourceTree = "<group>";
		};
		F876E7142061795900599C47 /* Audios */ = {
			isa = PBXGroup;
			children = (
				F876E7152061796A00599C47 /* example.mp3 */,
			);
			path = Audios;
			sourceTree = "<group>";
		};
		F8BF8DEE1FE1802E0005B2BF = {
			isa = PBXGroup;
			children = (
				F8BF8DF91FE1802F0005B2BF /* TalkEnglish */,
				F8BF8DF81FE1802F0005B2BF /* Products */,
				FE88ACD23C70664D81DBE2F6 /* Pods */,
				D80ABF81F5CD50F60892A12A /* Frameworks */,
			);
			sourceTree = "<group>";
		};
		F8BF8DF81FE1802F0005B2BF /* Products */ = {
			isa = PBXGroup;
			children = (
				F8BF8DF71FE1802F0005B2BF /* TalkEnglish.app */,
			);
			name = Products;
			sourceTree = "<group>";
		};
		F8BF8DF91FE1802F0005B2BF /* TalkEnglish */ = {
			isa = PBXGroup;
			children = (
				CF74D23A21D20DD200A8DFCD /* Screens */,
				F876E7132061795100599C47 /* Resources */,
				F8BF8DFA1FE1802F0005B2BF /* AppDelegate.swift */,
				F8BF8DFC1FE1802F0005B2BF /* ViewController.swift */,
				F8BF8DFE1FE1802F0005B2BF /* Main.storyboard */,
				F8BF8E011FE1802F0005B2BF /* Assets.xcassets */,
				F8BF8E031FE1802F0005B2BF /* LaunchScreen.storyboard */,
				F8BF8E061FE1802F0005B2BF /* Info.plist */,
			);
			path = TalkEnglish;
			sourceTree = "<group>";
		};
		FE88ACD23C70664D81DBE2F6 /* Pods */ = {
			isa = PBXGroup;
			children = (
				8C9B0F845F045F2F595DDE0D /* Pods-TalkEnglish.debug.xcconfig */,
				42691C5993124B8C63D083BA /* Pods-TalkEnglish.release.xcconfig */,
			);
			name = Pods;
			sourceTree = "<group>";
		};
/* End PBXGroup section */

/* Begin PBXNativeTarget section */
		F8BF8DF61FE1802F0005B2BF /* TalkEnglish */ = {
			isa = PBXNativeTarget;
			buildConfigurationList = F8BF8E091FE1802F0005B2BF /* Build configuration list for PBXNativeTarget "TalkEnglish" */;
			buildPhases = (
				F152AC6A97D080630F326F24 /* [CP] Check Pods Manifest.lock */,
				F8BF8DF31FE1802F0005B2BF /* Sources */,
				F8BF8DF41FE1802F0005B2BF /* Frameworks */,
				F8BF8DF51FE1802F0005B2BF /* Resources */,
			);
			buildRules = (
			);
			dependencies = (
			);
			name = TalkEnglish;
			productName = TalkEnglish;
			productReference = F8BF8DF71FE1802F0005B2BF /* TalkEnglish.app */;
			productType = "com.apple.product-type.application";
		};
/* End PBXNativeTarget section */

/* Begin PBXProject section */
		F8BF8DEF1FE1802E0005B2BF /* Project object */ = {
			isa = PBXProject;
			attributes = {
				LastSwiftUpdateCheck = 0900;
				LastUpgradeCheck = 0900;
				ORGANIZATIONNAME = thieumao;
				TargetAttributes = {
					F8BF8DF61FE1802F0005B2BF = {
						CreatedOnToolsVersion = 9.0.1;
						ProvisioningStyle = Automatic;
					};
				};
			};
			buildConfigurationList = F8BF8DF21FE1802E0005B2BF /* Build configuration list for PBXProject "TalkEnglish" */;
			compatibilityVersion = "Xcode 8.0";
			developmentRegion = en;
			hasScannedForEncodings = 0;
			knownRegions = (
				en,
				Base,
			);
			mainGroup = F8BF8DEE1FE1802E0005B2BF;
			productRefGroup = F8BF8DF81FE1802F0005B2BF /* Products */;
			projectDirPath = "";
			projectRoot = "";
			targets = (
				F8BF8DF61FE1802F0005B2BF /* TalkEnglish */,
			);
		};
/* End PBXProject section */

/* Begin PBXResourcesBuildPhase section */
		F8BF8DF51FE1802F0005B2BF /* Resources */ = {
			isa = PBXResourcesBuildPhase;
			buildActionMask = 2147483647;
			files = (
				F8BF8E051FE1802F0005B2BF /* LaunchScreen.storyboard in Resources */,
				F876E7162061796A00599C47 /* example.mp3 in Resources */,
				F8BF8E021FE1802F0005B2BF /* Assets.xcassets in Resources */,
				F8BF8E001FE1802F0005B2BF /* Main.storyboard in Resources */,
				CF74D24421D2108800A8DFCD /* TopicTableViewCell.xib in Resources */,
			);
			runOnlyForDeploymentPostprocessing = 0;
		};
/* End PBXResourcesBuildPhase section */

/* Begin PBXShellScriptBuildPhase section */
		F152AC6A97D080630F326F24 /* [CP] Check Pods Manifest.lock */ = {
			isa = PBXShellScriptBuildPhase;
			buildActionMask = 2147483647;
			files = (
			);
			inputPaths = (
				"${PODS_PODFILE_DIR_PATH}/Podfile.lock",
				"${PODS_ROOT}/Manifest.lock",
			);
			name = "[CP] Check Pods Manifest.lock";
			outputPaths = (
				"$(DERIVED_FILE_DIR)/Pods-TalkEnglish-checkManifestLockResult.txt",
			);
			runOnlyForDeploymentPostprocessing = 0;
			shellPath = /bin/sh;
			shellScript = "diff \"${PODS_PODFILE_DIR_PATH}/Podfile.lock\" \"${PODS_ROOT}/Manifest.lock\" > /dev/null\nif [ $? != 0 ] ; then\n    # print error to STDERR\n    echo \"error: The sandbox is not in sync with the Podfile.lock. Run 'pod install' or update your CocoaPods installation.\" >&2\n    exit 1\nfi\n# This output is used by Xcode 'outputs' to avoid re-running this script phase.\necho \"SUCCESS\" > \"${SCRIPT_OUTPUT_FILE_0}\"\n";
			showEnvVarsInLog = 0;
		};
/* End PBXShellScriptBuildPhase section */

/* Begin PBXSourcesBuildPhase section */
		F8BF8DF31FE1802F0005B2BF /* Sources */ = {
			isa = PBXSourcesBuildPhase;
			buildActionMask = 2147483647;
			files = (
				F8BF8DFD1FE1802F0005B2BF /* ViewController.swift in Sources */,
				CF74D24321D2108800A8DFCD /* TopicTableViewCell.swift in Sources */,
				F8BF8DFB1FE1802F0005B2BF /* AppDelegate.swift in Sources */,
				CF74D23D21D20E0900A8DFCD /* TopicListVC.swift in Sources */,
			);
			runOnlyForDeploymentPostprocessing = 0;
		};
/* End PBXSourcesBuildPhase section */

/* Begin PBXVariantGroup section */
		F8BF8DFE1FE1802F0005B2BF /* Main.storyboard */ = {
			isa = PBXVariantGroup;
			children = (
				F8BF8DFF1FE1802F0005B2BF /* Base */,
			);
			name = Main.storyboard;
			sourceTree = "<group>";
		};
		F8BF8E031FE1802F0005B2BF /* LaunchScreen.storyboard */ = {
			isa = PBXVariantGroup;
			children = (
				F8BF8E041FE1802F0005B2BF /* Base */,
			);
			name = LaunchScreen.storyboard;
			sourceTree = "<group>";
		};
/* End PBXVariantGroup section */

/* Begin XCBuildConfiguration section */
		F8BF8E071FE1802F0005B2BF /* Debug */ = {
			isa = XCBuildConfiguration;
			buildSettings = {
				ALWAYS_SEARCH_USER_PATHS = NO;
				CLANG_ANALYZER_NONNULL = YES;
				CLANG_ANALYZER_NUMBER_OBJECT_CONVERSION = YES_AGGRESSIVE;
				CLANG_CXX_LANGUAGE_STANDARD = "gnu++14";
				CLANG_CXX_LIBRARY = "libc++";
				CLANG_ENABLE_MODULES = YES;
				CLANG_ENABLE_OBJC_ARC = YES;
				CLANG_WARN_BLOCK_CAPTURE_AUTORELEASING = YES;
				CLANG_WARN_BOOL_CONVERSION = YES;
				CLANG_WARN_COMMA = YES;
				CLANG_WARN_CONSTANT_CONVERSION = YES;
				CLANG_WARN_DIRECT_OBJC_ISA_USAGE = YES_ERROR;
				CLANG_WARN_DOCUMENTATION_COMMENTS = YES;
				CLANG_WARN_EMPTY_BODY = YES;
				CLANG_WARN_ENUM_CONVERSION = YES;
				CLANG_WARN_INFINITE_RECURSION = YES;
				CLANG_WARN_INT_CONVERSION = YES;
				CLANG_WARN_NON_LITERAL_NULL_CONVERSION = YES;
				CLANG_WARN_OBJC_LITERAL_CONVERSION = YES;
				CLANG_WARN_OBJC_ROOT_CLASS = YES_ERROR;
				CLANG_WARN_RANGE_LOOP_ANALYSIS = YES;
				CLANG_WARN_STRICT_PROTOTYPES = YES;
				CLANG_WARN_SUSPICIOUS_MOVE = YES;
				CLANG_WARN_UNGUARDED_AVAILABILITY = YES_AGGRESSIVE;
				CLANG_WARN_UNREACHABLE_CODE = YES;
				CLANG_WARN__DUPLICATE_METHOD_MATCH = YES;
				CODE_SIGN_IDENTITY = "iPhone Developer";
				COPY_PHASE_STRIP = NO;
				DEBUG_INFORMATION_FORMAT = dwarf;
				ENABLE_STRICT_OBJC_MSGSEND = YES;
				ENABLE_TESTABILITY = YES;
				GCC_C_LANGUAGE_STANDARD = gnu11;
				GCC_DYNAMIC_NO_PIC = NO;
				GCC_NO_COMMON_BLOCKS = YES;
				GCC_OPTIMIZATION_LEVEL = 0;
				GCC_PREPROCESSOR_DEFINITIONS = (
					"DEBUG=1",
					"$(inherited)",
				);
				GCC_WARN_64_TO_32_BIT_CONVERSION = YES;
				GCC_WARN_ABOUT_RETURN_TYPE = YES_ERROR;
				GCC_WARN_UNDECLARED_SELECTOR = YES;
				GCC_WARN_UNINITIALIZED_AUTOS = YES_AGGRESSIVE;
				GCC_WARN_UNUSED_FUNCTION = YES;
				GCC_WARN_UNUSED_VARIABLE = YES;
				IPHONEOS_DEPLOYMENT_TARGET = 11.0;
				MTL_ENABLE_DEBUG_INFO = YES;
				ONLY_ACTIVE_ARCH = YES;
				SDKROOT = iphoneos;
				SWIFT_ACTIVE_COMPILATION_CONDITIONS = DEBUG;
				SWIFT_OPTIMIZATION_LEVEL = "-Onone";
			};
			name = Debug;
		};
		F8BF8E081FE1802F0005B2BF /* Release */ = {
			isa = XCBuildConfiguration;
			buildSettings = {
				ALWAYS_SEARCH_USER_PATHS = NO;
				CLANG_ANALYZER_NONNULL = YES;
				CLANG_ANALYZER_NUMBER_OBJECT_CONVERSION = YES_AGGRESSIVE;
				CLANG_CXX_LANGUAGE_STANDARD = "gnu++14";
				CLANG_CXX_LIBRARY = "libc++";
				CLANG_ENABLE_MODULES = YES;
				CLANG_ENABLE_OBJC_ARC = YES;
				CLANG_WARN_BLOCK_CAPTURE_AUTORELEASING = YES;
				CLANG_WARN_BOOL_CONVERSION = YES;
				CLANG_WARN_COMMA = YES;
				CLANG_WARN_CONSTANT_CONVERSION = YES;
				CLANG_WARN_DIRECT_OBJC_ISA_USAGE = YES_ERROR;
				CLANG_WARN_DOCUMENTATION_COMMENTS = YES;
				CLANG_WARN_EMPTY_BODY = YES;
				CLANG_WARN_ENUM_CONVERSION = YES;
				CLANG_WARN_INFINITE_RECURSION = YES;
				CLANG_WARN_INT_CONVERSION = YES;
				CLANG_WARN_NON_LITERAL_NULL_CONVERSION = YES;
				CLANG_WARN_OBJC_LITERAL_CONVERSION = YES;
				CLANG_WARN_OBJC_ROOT_CLASS = YES_ERROR;
				CLANG_WARN_RANGE_LOOP_ANALYSIS = YES;
				CLANG_WARN_STRICT_PROTOTYPES = YES;
				CLANG_WARN_SUSPICIOUS_MOVE = YES;
				CLANG_WARN_UNGUARDED_AVAILABILITY = YES_AGGRESSIVE;
				CLANG_WARN_UNREACHABLE_CODE = YES;
				CLANG_WARN__DUPLICATE_METHOD_MATCH = YES;
				CODE_SIGN_IDENTITY = "iPhone Developer";
				COPY_PHASE_STRIP = NO;
				DEBUG_INFORMATION_FORMAT = "dwarf-with-dsym";
				ENABLE_NS_ASSERTIONS = NO;
				ENABLE_STRICT_OBJC_MSGSEND = YES;
				GCC_C_LANGUAGE_STANDARD = gnu11;
				GCC_NO_COMMON_BLOCKS = YES;
				GCC_WARN_64_TO_32_BIT_CONVERSION = YES;
				GCC_WARN_ABOUT_RETURN_TYPE = YES_ERROR;
				GCC_WARN_UNDECLARED_SELECTOR = YES;
				GCC_WARN_UNINITIALIZED_AUTOS = YES_AGGRESSIVE;
				GCC_WARN_UNUSED_FUNCTION = YES;
				GCC_WARN_UNUSED_VARIABLE = YES;
				IPHONEOS_DEPLOYMENT_TARGET = 11.0;
				MTL_ENABLE_DEBUG_INFO = NO;
				SDKROOT = iphoneos;
				SWIFT_OPTIMIZATION_LEVEL = "-Owholemodule";
				VALIDATE_PRODUCT = YES;
			};
			name = Release;
		};
		F8BF8E0A1FE1802F0005B2BF /* Debug */ = {
			isa = XCBuildConfiguration;
			baseConfigurationReference = 8C9B0F845F045F2F595DDE0D /* Pods-TalkEnglish.debug.xcconfig */;
			buildSettings = {
				ASSETCATALOG_COMPILER_APPICON_NAME = AppIcon;
				CODE_SIGN_STYLE = Automatic;
				DEVELOPMENT_TEAM = Z4ZNZ62PTW;
				INFOPLIST_FILE = TalkEnglish/Info.plist;
				LD_RUNPATH_SEARCH_PATHS = "$(inherited) @executable_path/Frameworks";
				PRODUCT_BUNDLE_IDENTIFIER = com.thieumao.TalkEnglish;
				PRODUCT_NAME = "$(TARGET_NAME)";
				SWIFT_VERSION = 4.0;
				TARGETED_DEVICE_FAMILY = "1,2";
			};
			name = Debug;
		};
		F8BF8E0B1FE1802F0005B2BF /* Release */ = {
			isa = XCBuildConfiguration;
			baseConfigurationReference = 42691C5993124B8C63D083BA /* Pods-TalkEnglish.release.xcconfig */;
			buildSettings = {
				ASSETCATALOG_COMPILER_APPICON_NAME = AppIcon;
				CODE_SIGN_STYLE = Automatic;
				DEVELOPMENT_TEAM = Z4ZNZ62PTW;
				INFOPLIST_FILE = TalkEnglish/Info.plist;
				LD_RUNPATH_SEARCH_PATHS = "$(inherited) @executable_path/Frameworks";
				PRODUCT_BUNDLE_IDENTIFIER = com.thieumao.TalkEnglish;
				PRODUCT_NAME = "$(TARGET_NAME)";
				SWIFT_VERSION = 4.0;
				TARGETED_DEVICE_FAMILY = "1,2";
			};
			name = Release;
		};
/* End XCBuildConfiguration section */

/* Begin XCConfigurationList section */
		F8BF8DF21FE1802E0005B2BF /* Build configuration list for PBXProject "TalkEnglish" */ = {
			isa = XCConfigurationList;
			buildConfigurations = (
				F8BF8E071FE1802F0005B2BF /* Debug */,
				F8BF8E081FE1802F0005B2BF /* Release */,
			);
			defaultConfigurationIsVisible = 0;
			defaultConfigurationName = Release;
		};
		F8BF8E091FE1802F0005B2BF /* Build configuration list for PBXNativeTarget "TalkEnglish" */ = {
			isa = XCConfigurationList;
			buildConfigurations = (
				F8BF8E0A1FE1802F0005B2BF /* Debug */,
				F8BF8E0B1FE1802F0005B2BF /* Release */,
			);
			defaultConfigurationIsVisible = 0;
			defaultConfigurationName = Release;
		};
/* End XCConfigurationList section */
	};
	rootObject = F8BF8DEF1FE1802E0005B2BF /* Project object */;
}
